
Microsoft Visual Studio Solution File, Format Version 12.00
# Visual Studio Version 16
VisualStudioVersion = 16.0.810.16
MinimumVisualStudioVersion = 10.0.40219.1
Project("{FAE04EC0-301F-11D3-BF4B-00C04F79EFBC}") = "Shashank-Iyer_Ex-01", "Shashank-Iyer_Ex-01\Shashank-Iyer_Ex-01.csproj", "{BBF7C699-0D6A-45BA-9DB2-8196EC681B66}"
EndProject
Global
	GlobalSection(SolutionConfigurationPlatforms) = preSolution
		Debug|Any CPU = Debug|Any CPU
		Release|Any CPU = Release|Any CPU
	EndGlobalSection
	GlobalSection(ProjectConfigurationPlatforms) = postSolution
		{BBF7C699-0D6A-45BA-9DB2-8196EC681B66}.Debug|Any CPU.ActiveCfg = Debug|Any CPU
		{BBF7C699-0D6A-45BA-9DB2-8196EC681B66}.Debug|Any CPU.Build.0 = Debug|Any CPU
		{BBF7C699-0D6A-45BA-9DB2-8196EC681B66}.Release|Any CPU.ActiveCfg = Release|Any CPU
		{BBF7C699-0D6A-45BA-9DB2-8196EC681B66}.Release|Any CPU.Build.0 = Release|Any CPU
	EndGlobalSection
	GlobalSection(SolutionProperties) = preSolution
		HideSolutionNode = FALSE
	EndGlobalSection
	GlobalSection(ExtensibilityGlobals) = postSolution
		SolutionGuid = {3D1E2B75-7FCA-4082-81A5-5E7E6388E5AA}
	EndGlobalSection
EndGlobal
